
Microsoft Visual Studio Solution File, Format Version 12.00
# Visual Studio Version 17
VisualStudioVersion = 17.5.33502.453
MinimumVisualStudioVersion = 10.0.40219.1
Project("{FAE04EC0-301F-11D3-BF4B-00C04F79EFBC}") = "TurningApp", "TurningApp\TurningApp.csproj", "{3A2B9413-AB3C-4BE3-A555-E26B1A68E209}"
EndProject
Global
	GlobalSection(SolutionConfigurationPlatforms) = preSolution
		Debug|Any CPU = Debug|Any CPU
		Release|Any CPU = Release|Any CPU
	EndGlobalSection
	GlobalSection(ProjectConfigurationPlatforms) = postSolution
		{3A2B9413-AB3C-4BE3-A555-E26B1A68E209}.Debug|Any CPU.ActiveCfg = Debug|Any CPU
		{3A2B9413-AB3C-4BE3-A555-E26B1A68E209}.Debug|Any CPU.Build.0 = Debug|Any CPU
		{3A2B9413-AB3C-4BE3-A555-E26B1A68E209}.Release|Any CPU.ActiveCfg = Release|Any CPU
		{3A2B9413-AB3C-4BE3-A555-E26B1A68E209}.Release|Any CPU.Build.0 = Release|Any CPU
	EndGlobalSection
	GlobalSection(SolutionProperties) = preSolution
		HideSolutionNode = FALSE
	EndGlobalSection
	GlobalSection(ExtensibilityGlobals) = postSolution
		SolutionGuid = {B520346C-8B9E-4A68-8BD8-252AF4A6F66C}
	EndGlobalSection
EndGlobal
